PODS:
  - Realm (10.4.0):
    - Realm/Headers (= 10.4.0)
  - Realm/Headers (10.4.0)
  - RealmSwift (10.4.0):
    - Realm (= 10.4.0)

DEPENDENCIES:
  - RealmSwift (= 10.4.0)

SPEC REPOS:
  trunk:
    - Realm
    - RealmSwift

SPEC CHECKSUMS:
  Realm: d8466b2238f034a5ff7a031aed63b7dacdf0dd10
  RealmSwift: 37a93ae742667948cc094a3c6ae3d006db32b66f

PODFILE CHECKSUM: bd1d21a386cf9bc9c615520da30b6015d9790b49

COCOAPODS: 1.10.0
