PODS:
  - Realm (10.1.0):
    - Realm/Headers (= 10.1.0)
  - Realm/Headers (10.1.0)
  - RealmSwift (10.1.0):
    - Realm (= 10.1.0)

DEPENDENCIES:
  - RealmSwift (= 10.1.0)

SPEC REPOS:
  trunk:
    - Realm
    - RealmSwift

SPEC CHECKSUMS:
  Realm: 100df88a0faf5328f48477427e4b3e1a1598bae3
  RealmSwift: 725d1c10df64964b04aaa0058c19ce0f4b4c3f5a

PODFILE CHECKSUM: 114ef921a2c9e8961bc807a6320672c3108677d9

COCOAPODS: 1.10.0
