
Microsoft Visual Studio Solution File, Format Version 12.00
# Visual Studio 15
Project("{FAE04EC0-301F-11D3-BF4B-00C04F79EFBC}") = "dotnet.Android", "dotnet.Android\dotnet.Android.csproj", "{004B74E7-3F59-404D-961B-D5584275325E}"
EndProject
Project("{FAE04EC0-301F-11D3-BF4B-00C04F79EFBC}") = "dotnet.iOS", "dotnet.iOS\dotnet.iOS.csproj", "{DF1ED972-0846-4B06-B1A1-C28EAA0C4C5F}"
EndProject
Project("{FAE04EC0-301F-11D3-BF4B-00C04F79EFBC}") = "dotnet.UITests", "dotnet.UITests\dotnet.UITests.csproj", "{AF59FC15-7D88-4811-977E-9922E5B7A54E}"
EndProject
Project("{FAE04EC0-301F-11D3-BF4B-00C04F79EFBC}") = "dotnet", "dotnet\dotnet.csproj", "{3871A061-75A1-487E-941C-8A757CC49FA3}"
EndProject
Project("{FAE04EC0-301F-11D3-BF4B-00C04F79EFBC}") = "UnitTests", "UnitTests\UnitTests.csproj", "{53626F07-EB07-48CE-8E49-2C1F0E79767E}"
EndProject
Global
	GlobalSection(SolutionConfigurationPlatforms) = preSolution
		Debug|Any CPU = Debug|Any CPU
		Release|Any CPU = Release|Any CPU
		Debug|iPhoneSimulator = Debug|iPhoneSimulator
		Release|iPhoneSimulator = Release|iPhoneSimulator
		Debug|iPhone = Debug|iPhone
		Release|iPhone = Release|iPhone
	EndGlobalSection
	GlobalSection(ProjectConfigurationPlatforms) = postSolution
		{004B74E7-3F59-404D-961B-D5584275325E}.Debug|Any CPU.ActiveCfg = Debug|Any CPU
		{004B74E7-3F59-404D-961B-D5584275325E}.Debug|Any CPU.Build.0 = Debug|Any CPU
		{004B74E7-3F59-404D-961B-D5584275325E}.Release|Any CPU.ActiveCfg = Release|Any CPU
		{004B74E7-3F59-404D-961B-D5584275325E}.Release|Any CPU.Build.0 = Release|Any CPU
		{004B74E7-3F59-404D-961B-D5584275325E}.Debug|iPhoneSimulator.ActiveCfg = Debug|Any CPU
		{004B74E7-3F59-404D-961B-D5584275325E}.Debug|iPhoneSimulator.Build.0 = Debug|Any CPU
		{004B74E7-3F59-404D-961B-D5584275325E}.Release|iPhoneSimulator.ActiveCfg = Release|Any CPU
		{004B74E7-3F59-404D-961B-D5584275325E}.Release|iPhoneSimulator.Build.0 = Release|Any CPU
		{004B74E7-3F59-404D-961B-D5584275325E}.Debug|iPhone.ActiveCfg = Debug|Any CPU
		{004B74E7-3F59-404D-961B-D5584275325E}.Debug|iPhone.Build.0 = Debug|Any CPU
		{004B74E7-3F59-404D-961B-D5584275325E}.Release|iPhone.ActiveCfg = Release|Any CPU
		{004B74E7-3F59-404D-961B-D5584275325E}.Release|iPhone.Build.0 = Release|Any CPU
		{DF1ED972-0846-4B06-B1A1-C28EAA0C4C5F}.Debug|Any CPU.ActiveCfg = Debug|iPhoneSimulator
		{DF1ED972-0846-4B06-B1A1-C28EAA0C4C5F}.Debug|Any CPU.Build.0 = Debug|iPhoneSimulator
		{DF1ED972-0846-4B06-B1A1-C28EAA0C4C5F}.Release|Any CPU.ActiveCfg = Release|iPhoneSimulator
		{DF1ED972-0846-4B06-B1A1-C28EAA0C4C5F}.Release|Any CPU.Build.0 = Release|iPhoneSimulator
		{DF1ED972-0846-4B06-B1A1-C28EAA0C4C5F}.Debug|iPhoneSimulator.ActiveCfg = Debug|iPhoneSimulator
		{DF1ED972-0846-4B06-B1A1-C28EAA0C4C5F}.Debug|iPhoneSimulator.Build.0 = Debug|iPhoneSimulator
		{DF1ED972-0846-4B06-B1A1-C28EAA0C4C5F}.Release|iPhoneSimulator.ActiveCfg = Release|iPhoneSimulator
		{DF1ED972-0846-4B06-B1A1-C28EAA0C4C5F}.Release|iPhoneSimulator.Build.0 = Release|iPhoneSimulator
		{DF1ED972-0846-4B06-B1A1-C28EAA0C4C5F}.Debug|iPhone.ActiveCfg = Debug|iPhone
		{DF1ED972-0846-4B06-B1A1-C28EAA0C4C5F}.Debug|iPhone.Build.0 = Debug|iPhone
		{DF1ED972-0846-4B06-B1A1-C28EAA0C4C5F}.Release|iPhone.ActiveCfg = Release|iPhone
		{DF1ED972-0846-4B06-B1A1-C28EAA0C4C5F}.Release|iPhone.Build.0 = Release|iPhone
		{AF59FC15-7D88-4811-977E-9922E5B7A54E}.Debug|Any CPU.ActiveCfg = Debug|Any CPU
		{AF59FC15-7D88-4811-977E-9922E5B7A54E}.Debug|Any CPU.Build.0 = Debug|Any CPU
		{AF59FC15-7D88-4811-977E-9922E5B7A54E}.Release|Any CPU.ActiveCfg = Release|Any CPU
		{AF59FC15-7D88-4811-977E-9922E5B7A54E}.Release|Any CPU.Build.0 = Release|Any CPU
		{AF59FC15-7D88-4811-977E-9922E5B7A54E}.Debug|iPhoneSimulator.ActiveCfg = Debug|Any CPU
		{AF59FC15-7D88-4811-977E-9922E5B7A54E}.Debug|iPhoneSimulator.Build.0 = Debug|Any CPU
		{AF59FC15-7D88-4811-977E-9922E5B7A54E}.Release|iPhoneSimulator.ActiveCfg = Release|Any CPU
		{AF59FC15-7D88-4811-977E-9922E5B7A54E}.Release|iPhoneSimulator.Build.0 = Release|Any CPU
		{AF59FC15-7D88-4811-977E-9922E5B7A54E}.Debug|iPhone.ActiveCfg = Debug|Any CPU
		{AF59FC15-7D88-4811-977E-9922E5B7A54E}.Debug|iPhone.Build.0 = Debug|Any CPU
		{AF59FC15-7D88-4811-977E-9922E5B7A54E}.Release|iPhone.ActiveCfg = Release|Any CPU
		{AF59FC15-7D88-4811-977E-9922E5B7A54E}.Release|iPhone.Build.0 = Release|Any CPU
		{3871A061-75A1-487E-941C-8A757CC49FA3}.Debug|Any CPU.ActiveCfg = Debug|Any CPU
		{3871A061-75A1-487E-941C-8A757CC49FA3}.Debug|Any CPU.Build.0 = Debug|Any CPU
		{3871A061-75A1-487E-941C-8A757CC49FA3}.Release|Any CPU.ActiveCfg = Release|Any CPU
		{3871A061-75A1-487E-941C-8A757CC49FA3}.Release|Any CPU.Build.0 = Release|Any CPU
		{3871A061-75A1-487E-941C-8A757CC49FA3}.Debug|iPhoneSimulator.ActiveCfg = Debug|Any CPU
		{3871A061-75A1-487E-941C-8A757CC49FA3}.Debug|iPhoneSimulator.Build.0 = Debug|Any CPU
		{3871A061-75A1-487E-941C-8A757CC49FA3}.Release|iPhoneSimulator.ActiveCfg = Release|Any CPU
		{3871A061-75A1-487E-941C-8A757CC49FA3}.Release|iPhoneSimulator.Build.0 = Release|Any CPU
		{3871A061-75A1-487E-941C-8A757CC49FA3}.Debug|iPhone.ActiveCfg = Debug|Any CPU
		{3871A061-75A1-487E-941C-8A757CC49FA3}.Debug|iPhone.Build.0 = Debug|Any CPU
		{3871A061-75A1-487E-941C-8A757CC49FA3}.Release|iPhone.ActiveCfg = Release|Any CPU
		{3871A061-75A1-487E-941C-8A757CC49FA3}.Release|iPhone.Build.0 = Release|Any CPU
		{53626F07-EB07-48CE-8E49-2C1F0E79767E}.Debug|Any CPU.ActiveCfg = Debug|Any CPU
		{53626F07-EB07-48CE-8E49-2C1F0E79767E}.Debug|Any CPU.Build.0 = Debug|Any CPU
		{53626F07-EB07-48CE-8E49-2C1F0E79767E}.Release|Any CPU.ActiveCfg = Release|Any CPU
		{53626F07-EB07-48CE-8E49-2C1F0E79767E}.Release|Any CPU.Build.0 = Release|Any CPU
		{53626F07-EB07-48CE-8E49-2C1F0E79767E}.Debug|iPhoneSimulator.ActiveCfg = Debug|Any CPU
		{53626F07-EB07-48CE-8E49-2C1F0E79767E}.Debug|iPhoneSimulator.Build.0 = Debug|Any CPU
		{53626F07-EB07-48CE-8E49-2C1F0E79767E}.Release|iPhoneSimulator.ActiveCfg = Release|Any CPU
		{53626F07-EB07-48CE-8E49-2C1F0E79767E}.Release|iPhoneSimulator.Build.0 = Release|Any CPU
		{53626F07-EB07-48CE-8E49-2C1F0E79767E}.Debug|iPhone.ActiveCfg = Debug|Any CPU
		{53626F07-EB07-48CE-8E49-2C1F0E79767E}.Debug|iPhone.Build.0 = Debug|Any CPU
		{53626F07-EB07-48CE-8E49-2C1F0E79767E}.Release|iPhone.ActiveCfg = Release|Any CPU
		{53626F07-EB07-48CE-8E49-2C1F0E79767E}.Release|iPhone.Build.0 = Release|Any CPU
	EndGlobalSection
EndGlobal
