PODS:
  - Realm (10.0.0-rc.1):
    - Realm/Headers (= 10.0.0-rc.1)
  - Realm/Headers (10.0.0-rc.1)
  - RealmSwift (10.0.0-rc.1):
    - Realm (= 10.0.0-rc.1)

DEPENDENCIES:
  - Realm (= 10.0.0-rc.1)
  - RealmSwift (= 10.0.0-rc.1)

SPEC REPOS:
  trunk:
    - Realm
    - RealmSwift

SPEC CHECKSUMS:
  Realm: b8faac708a4b5a9e98667ccd58404fcf60b354b7
  RealmSwift: 7f3831445e6f03dfb9312c4befba0f91fe7ccf3d

PODFILE CHECKSUM: 3203192d6608e3bc6a907dab99013e21b2d5f964

COCOAPODS: 1.9.1
