PODS:
  - Realm (10.0.0):
    - Realm/Headers (= 10.0.0)
  - Realm/Headers (10.0.0)
  - RealmSwift (10.0.0):
    - Realm (= 10.0.0)

DEPENDENCIES:
  - Realm (= 10.0.0)
  - RealmSwift (= 10.0.0)

SPEC REPOS:
  trunk:
    - Realm
    - RealmSwift

SPEC CHECKSUMS:
  Realm: 5654b8e5e45034d07b219e089034be2ef7d1e7bf
  RealmSwift: 5b4c8c85be4c14ff52054a4d80a8d338167dd79c

PODFILE CHECKSUM: 4b7e35710ca270a51e30aeade9fa106b3a6afc4f

COCOAPODS: 1.9.3
