// !$*UTF8*$!
{
	archiveVersion = 1;
	classes = {
	};
	objectVersion = 52;
	objects = {

/* Begin PBXBuildFile section */
		480BEB6E24648D72008819D9 /* Models.swift in Sources */ = {isa = PBXBuildFile; fileRef = 480BEB6D24648D72008819D9 /* Models.swift */; };
		4811570424606894004D0683 /* ProjectsViewController.swift in Sources */ = {isa = PBXBuildFile; fileRef = 4811570324606894004D0683 /* ProjectsViewController.swift */; };
		4843E86B245B5D0E0044669C /* AppDelegate.swift in Sources */ = {isa = PBXBuildFile; fileRef = 4843E86A245B5D0E0044669C /* AppDelegate.swift */; };
		4843E86D245B5D0E0044669C /* SceneDelegate.swift in Sources */ = {isa = PBXBuildFile; fileRef = 4843E86C245B5D0E0044669C /* SceneDelegate.swift */; };
		4843E874245B5D0F0044669C /* Assets.xcassets in Resources */ = {isa = PBXBuildFile; fileRef = 4843E873245B5D0F0044669C /* Assets.xcassets */; };
		48596AD1245C71C9005A6E3B /* WelcomeViewController.swift in Sources */ = {isa = PBXBuildFile; fileRef = 48596AD0245C71C9005A6E3B /* WelcomeViewController.swift */; };
		4871E6802465C2D4001A605A /* TasksViewController.swift in Sources */ = {isa = PBXBuildFile; fileRef = 4871E67F2465C2BA001A605A /* TasksViewController.swift */; };
		48C20EF424D3478F00318C2D /* ManageTeamViewController.swift in Sources */ = {isa = PBXBuildFile; fileRef = 48C20EF324D3478F00318C2D /* ManageTeamViewController.swift */; };
		918B0B0B26B997DF00F346C4 /* Realm in Frameworks */ = {isa = PBXBuildFile; productRef = 918B0B0A26B997DF00F346C4 /* Realm */; };
		918B0B0D26B997DF00F346C4 /* RealmSwift in Frameworks */ = {isa = PBXBuildFile; productRef = 918B0B0C26B997DF00F346C4 /* RealmSwift */; };
/* End PBXBuildFile section */

/* Begin PBXFileReference section */
		480BEB6D24648D72008819D9 /* Models.swift */ = {isa = PBXFileReference; lastKnownFileType = sourcecode.swift; path = Models.swift; sourceTree = "<group>"; };
		4811570324606894004D0683 /* ProjectsViewController.swift */ = {isa = PBXFileReference; explicitFileType = sourcecode.swift; path = ProjectsViewController.swift; sourceTree = "<group>"; };
		4843E867245B5D0E0044669C /* Task Tracker.app */ = {isa = PBXFileReference; explicitFileType = wrapper.application; includeInIndex = 0; path = "Task Tracker.app"; sourceTree = BUILT_PRODUCTS_DIR; };
		4843E86A245B5D0E0044669C /* AppDelegate.swift */ = {isa = PBXFileReference; lastKnownFileType = sourcecode.swift; path = AppDelegate.swift; sourceTree = "<group>"; };
		4843E86C245B5D0E0044669C /* SceneDelegate.swift */ = {isa = PBXFileReference; lastKnownFileType = sourcecode.swift; path = SceneDelegate.swift; sourceTree = "<group>"; };
		4843E873245B5D0F0044669C /* Assets.xcassets */ = {isa = PBXFileReference; lastKnownFileType = folder.assetcatalog; path = Assets.xcassets; sourceTree = "<group>"; };
		4843E878245B5D0F0044669C /* Info.plist */ = {isa = PBXFileReference; lastKnownFileType = text.plist.xml; path = Info.plist; sourceTree = "<group>"; };
		48596AD0245C71C9005A6E3B /* WelcomeViewController.swift */ = {isa = PBXFileReference; fileEncoding = 4; lastKnownFileType = sourcecode.swift; path = WelcomeViewController.swift; sourceTree = "<group>"; };
		4871E67F2465C2BA001A605A /* TasksViewController.swift */ = {isa = PBXFileReference; lastKnownFileType = sourcecode.swift; path = TasksViewController.swift; sourceTree = "<group>"; };
		48C20EF324D3478F00318C2D /* ManageTeamViewController.swift */ = {isa = PBXFileReference; lastKnownFileType = sourcecode.swift; path = ManageTeamViewController.swift; sourceTree = "<group>"; };
/* End PBXFileReference section */

/* Begin PBXFrameworksBuildPhase section */
		4843E864245B5D0E0044669C /* Frameworks */ = {
			isa = PBXFrameworksBuildPhase;
			buildActionMask = 2147483647;
			files = (
				918B0B0D26B997DF00F346C4 /* RealmSwift in Frameworks */,
				918B0B0B26B997DF00F346C4 /* Realm in Frameworks */,
			);
			runOnlyForDeploymentPostprocessing = 0;
		};
/* End PBXFrameworksBuildPhase section */

/* Begin PBXGroup section */
		4843E85E245B5D0D0044669C = {
			isa = PBXGroup;
			children = (
				4843E869245B5D0E0044669C /* Task Tracker */,
				4843E868245B5D0E0044669C /* Products */,
			);
			sourceTree = "<group>";
		};
		4843E868245B5D0E0044669C /* Products */ = {
			isa = PBXGroup;
			children = (
				4843E867245B5D0E0044669C /* Task Tracker.app */,
			);
			name = Products;
			sourceTree = "<group>";
		};
		4843E869245B5D0E0044669C /* Task Tracker */ = {
			isa = PBXGroup;
			children = (
				480BEB6D24648D72008819D9 /* Models.swift */,
				4811570324606894004D0683 /* ProjectsViewController.swift */,
				4871E67F2465C2BA001A605A /* TasksViewController.swift */,
				48C20EF324D3478F00318C2D /* ManageTeamViewController.swift */,
				4843E86A245B5D0E0044669C /* AppDelegate.swift */,
				4843E86C245B5D0E0044669C /* SceneDelegate.swift */,
				4843E873245B5D0F0044669C /* Assets.xcassets */,
				48596AD0245C71C9005A6E3B /* WelcomeViewController.swift */,
				4843E878245B5D0F0044669C /* Info.plist */,
			);
			path = "Task Tracker";
			sourceTree = "<group>";
		};
/* End PBXGroup section */

/* Begin PBXNativeTarget section */
		4843E866245B5D0E0044669C /* Task Tracker */ = {
			isa = PBXNativeTarget;
			buildConfigurationList = 4843E87B245B5D0F0044669C /* Build configuration list for PBXNativeTarget "Task Tracker" */;
			buildPhases = (
				4843E863245B5D0E0044669C /* Sources */,
				4843E864245B5D0E0044669C /* Frameworks */,
				4843E865245B5D0E0044669C /* Resources */,
			);
			buildRules = (
			);
			dependencies = (
			);
			name = "Task Tracker";
			packageProductDependencies = (
				918B0B0A26B997DF00F346C4 /* Realm */,
				918B0B0C26B997DF00F346C4 /* RealmSwift */,
			);
			productName = "Task Tracker";
			productReference = 4843E867245B5D0E0044669C /* Task Tracker.app */;
			productType = "com.apple.product-type.application";
		};
/* End PBXNativeTarget section */

/* Begin PBXProject section */
		4843E85F245B5D0D0044669C /* Project object */ = {
			isa = PBXProject;
			attributes = {
				LastSwiftUpdateCheck = 1130;
				LastUpgradeCheck = 1130;
				ORGANIZATIONNAME = "MongoDB, Inc.";
				TargetAttributes = {
					4843E866245B5D0E0044669C = {
						CreatedOnToolsVersion = 11.3.1;
					};
				};
			};
			buildConfigurationList = 4843E862245B5D0D0044669C /* Build configuration list for PBXProject "Task Tracker" */;
			compatibilityVersion = "Xcode 9.3";
			developmentRegion = en;
			hasScannedForEncodings = 0;
			knownRegions = (
				en,
				Base,
			);
			mainGroup = 4843E85E245B5D0D0044669C;
			packageReferences = (
				918B0B0926B997DF00F346C4 /* XCRemoteSwiftPackageReference "realm-cocoa" */,
			);
			productRefGroup = 4843E868245B5D0E0044669C /* Products */;
			projectDirPath = "";
			projectRoot = "";
			targets = (
				4843E866245B5D0E0044669C /* Task Tracker */,
			);
		};
/* End PBXProject section */

/* Begin PBXResourcesBuildPhase section */
		4843E865245B5D0E0044669C /* Resources */ = {
			isa = PBXResourcesBuildPhase;
			buildActionMask = 2147483647;
			files = (
				4843E874245B5D0F0044669C /* Assets.xcassets in Resources */,
			);
			runOnlyForDeploymentPostprocessing = 0;
		};
/* End PBXResourcesBuildPhase section */

/* Begin PBXSourcesBuildPhase section */
		4843E863245B5D0E0044669C /* Sources */ = {
			isa = PBXSourcesBuildPhase;
			buildActionMask = 2147483647;
			files = (
				4811570424606894004D0683 /* ProjectsViewController.swift in Sources */,
				48596AD1245C71C9005A6E3B /* WelcomeViewController.swift in Sources */,
				4843E86B245B5D0E0044669C /* AppDelegate.swift in Sources */,
				48C20EF424D3478F00318C2D /* ManageTeamViewController.swift in Sources */,
				480BEB6E24648D72008819D9 /* Models.swift in Sources */,
				4871E6802465C2D4001A605A /* TasksViewController.swift in Sources */,
				4843E86D245B5D0E0044669C /* SceneDelegate.swift in Sources */,
			);
			runOnlyForDeploymentPostprocessing = 0;
		};
/* End PBXSourcesBuildPhase section */

/* Begin XCBuildConfiguration section */
		4843E879245B5D0F0044669C /* Debug */ = {
			isa = XCBuildConfiguration;
			buildSettings = {
				ALWAYS_SEARCH_USER_PATHS = NO;
				CLANG_ANALYZER_NONNULL = YES;
				CLANG_ANALYZER_NUMBER_OBJECT_CONVERSION = YES_AGGRESSIVE;
				CLANG_CXX_LANGUAGE_STANDARD = "gnu++14";
				CLANG_CXX_LIBRARY = "libc++";
				CLANG_ENABLE_MODULES = YES;
				CLANG_ENABLE_OBJC_ARC = YES;
				CLANG_ENABLE_OBJC_WEAK = YES;
				CLANG_WARN_BLOCK_CAPTURE_AUTORELEASING = YES;
				CLANG_WARN_BOOL_CONVERSION = YES;
				CLANG_WARN_COMMA = YES;
				CLANG_WARN_CONSTANT_CONVERSION = YES;
				CLANG_WARN_DEPRECATED_OBJC_IMPLEMENTATIONS = YES;
				CLANG_WARN_DIRECT_OBJC_ISA_USAGE = YES_ERROR;
				CLANG_WARN_DOCUMENTATION_COMMENTS = YES;
				CLANG_WARN_EMPTY_BODY = YES;
				CLANG_WARN_ENUM_CONVERSION = YES;
				CLANG_WARN_INFINITE_RECURSION = YES;
				CLANG_WARN_INT_CONVERSION = YES;
				CLANG_WARN_NON_LITERAL_NULL_CONVERSION = YES;
				CLANG_WARN_OBJC_IMPLICIT_RETAIN_SELF = YES;
				CLANG_WARN_OBJC_LITERAL_CONVERSION = YES;
				CLANG_WARN_OBJC_ROOT_CLASS = YES_ERROR;
				CLANG_WARN_QUOTED_INCLUDE_IN_FRAMEWORK_HEADER = YES;
				CLANG_WARN_RANGE_LOOP_ANALYSIS = YES;
				CLANG_WARN_STRICT_PROTOTYPES = YES;
				CLANG_WARN_SUSPICIOUS_MOVE = YES;
				CLANG_WARN_UNGUARDED_AVAILABILITY = YES_AGGRESSIVE;
				CLANG_WARN_UNREACHABLE_CODE = YES;
				CLANG_WARN__DUPLICATE_METHOD_MATCH = YES;
				COPY_PHASE_STRIP = NO;
				DEBUG_INFORMATION_FORMAT = dwarf;
				ENABLE_STRICT_OBJC_MSGSEND = YES;
				ENABLE_TESTABILITY = YES;
				GCC_C_LANGUAGE_STANDARD = gnu11;
				GCC_DYNAMIC_NO_PIC = NO;
				GCC_NO_COMMON_BLOCKS = YES;
				GCC_OPTIMIZATION_LEVEL = 0;
				GCC_PREPROCESSOR_DEFINITIONS = (
					"DEBUG=1",
					"$(inherited)",
				);
				GCC_WARN_64_TO_32_BIT_CONVERSION = YES;
				GCC_WARN_ABOUT_RETURN_TYPE = YES_ERROR;
				GCC_WARN_UNDECLARED_SELECTOR = YES;
				GCC_WARN_UNINITIALIZED_AUTOS = YES_AGGRESSIVE;
				GCC_WARN_UNUSED_FUNCTION = YES;
				GCC_WARN_UNUSED_VARIABLE = YES;
				IPHONEOS_DEPLOYMENT_TARGET = 13.2;
				MTL_ENABLE_DEBUG_INFO = INCLUDE_SOURCE;
				MTL_FAST_MATH = YES;
				ONLY_ACTIVE_ARCH = YES;
				SDKROOT = iphoneos;
				SWIFT_ACTIVE_COMPILATION_CONDITIONS = DEBUG;
				SWIFT_OPTIMIZATION_LEVEL = "-Onone";
			};
			name = Debug;
		};
		4843E87A245B5D0F0044669C /* Release */ = {
			isa = XCBuildConfiguration;
			buildSettings = {
				ALWAYS_SEARCH_USER_PATHS = NO;
				CLANG_ANALYZER_NONNULL = YES;
				CLANG_ANALYZER_NUMBER_OBJECT_CONVERSION = YES_AGGRESSIVE;
				CLANG_CXX_LANGUAGE_STANDARD = "gnu++14";
				CLANG_CXX_LIBRARY = "libc++";
				CLANG_ENABLE_MODULES = YES;
				CLANG_ENABLE_OBJC_ARC = YES;
				CLANG_ENABLE_OBJC_WEAK = YES;
				CLANG_WARN_BLOCK_CAPTURE_AUTORELEASING = YES;
				CLANG_WARN_BOOL_CONVERSION = YES;
				CLANG_WARN_COMMA = YES;
				CLANG_WARN_CONSTANT_CONVERSION = YES;
				CLANG_WARN_DEPRECATED_OBJC_IMPLEMENTATIONS = YES;
				CLANG_WARN_DIRECT_OBJC_ISA_USAGE = YES_ERROR;
				CLANG_WARN_DOCUMENTATION_COMMENTS = YES;
				CLANG_WARN_EMPTY_BODY = YES;
				CLANG_WARN_ENUM_CONVERSION = YES;
				CLANG_WARN_INFINITE_RECURSION = YES;
				CLANG_WARN_INT_CONVERSION = YES;
				CLANG_WARN_NON_LITERAL_NULL_CONVERSION = YES;
				CLANG_WARN_OBJC_IMPLICIT_RETAIN_SELF = YES;
				CLANG_WARN_OBJC_LITERAL_CONVERSION = YES;
				CLANG_WARN_OBJC_ROOT_CLASS = YES_ERROR;
				CLANG_WARN_QUOTED_INCLUDE_IN_FRAMEWORK_HEADER = YES;
				CLANG_WARN_RANGE_LOOP_ANALYSIS = YES;
				CLANG_WARN_STRICT_PROTOTYPES = YES;
				CLANG_WARN_SUSPICIOUS_MOVE = YES;
				CLANG_WARN_UNGUARDED_AVAILABILITY = YES_AGGRESSIVE;
				CLANG_WARN_UNREACHABLE_CODE = YES;
				CLANG_WARN__DUPLICATE_METHOD_MATCH = YES;
				COPY_PHASE_STRIP = NO;
				DEBUG_INFORMATION_FORMAT = "dwarf-with-dsym";
				ENABLE_NS_ASSERTIONS = NO;
				ENABLE_STRICT_OBJC_MSGSEND = YES;
				GCC_C_LANGUAGE_STANDARD = gnu11;
				GCC_NO_COMMON_BLOCKS = YES;
				GCC_WARN_64_TO_32_BIT_CONVERSION = YES;
				GCC_WARN_ABOUT_RETURN_TYPE = YES_ERROR;
				GCC_WARN_UNDECLARED_SELECTOR = YES;
				GCC_WARN_UNINITIALIZED_AUTOS = YES_AGGRESSIVE;
				GCC_WARN_UNUSED_FUNCTION = YES;
				GCC_WARN_UNUSED_VARIABLE = YES;
				IPHONEOS_DEPLOYMENT_TARGET = 13.2;
				MTL_ENABLE_DEBUG_INFO = NO;
				MTL_FAST_MATH = YES;
				SDKROOT = iphoneos;
				SWIFT_COMPILATION_MODE = wholemodule;
				SWIFT_OPTIMIZATION_LEVEL = "-O";
				VALIDATE_PRODUCT = YES;
			};
			name = Release;
		};
		4843E87C245B5D0F0044669C /* Debug */ = {
			isa = XCBuildConfiguration;
			buildSettings = {
				ASSETCATALOG_COMPILER_APPICON_NAME = AppIcon;
				CODE_SIGN_STYLE = Automatic;
				INFOPLIST_FILE = "Task Tracker/Info.plist";
				IPHONEOS_DEPLOYMENT_TARGET = 13.0;
				LD_RUNPATH_SEARCH_PATHS = (
					"$(inherited)",
					"@executable_path/Frameworks",
				);
				PRODUCT_BUNDLE_IDENTIFIER = "com.mongodb.Task-Tracker";
				PRODUCT_NAME = "$(TARGET_NAME)";
				SWIFT_VERSION = 5.0;
				TARGETED_DEVICE_FAMILY = "1,2";
			};
			name = Debug;
		};
		4843E87D245B5D0F0044669C /* Release */ = {
			isa = XCBuildConfiguration;
			buildSettings = {
				ASSETCATALOG_COMPILER_APPICON_NAME = AppIcon;
				CODE_SIGN_STYLE = Automatic;
				INFOPLIST_FILE = "Task Tracker/Info.plist";
				IPHONEOS_DEPLOYMENT_TARGET = 13.0;
				LD_RUNPATH_SEARCH_PATHS = (
					"$(inherited)",
					"@executable_path/Frameworks",
				);
				PRODUCT_BUNDLE_IDENTIFIER = "com.mongodb.Task-Tracker";
				PRODUCT_NAME = "$(TARGET_NAME)";
				SWIFT_VERSION = 5.0;
				TARGETED_DEVICE_FAMILY = "1,2";
			};
			name = Release;
		};
/* End XCBuildConfiguration section */

/* Begin XCConfigurationList section */
		4843E862245B5D0D0044669C /* Build configuration list for PBXProject "Task Tracker" */ = {
			isa = XCConfigurationList;
			buildConfigurations = (
				4843E879245B5D0F0044669C /* Debug */,
				4843E87A245B5D0F0044669C /* Release */,
			);
			defaultConfigurationIsVisible = 0;
			defaultConfigurationName = Release;
		};
		4843E87B245B5D0F0044669C /* Build configuration list for PBXNativeTarget "Task Tracker" */ = {
			isa = XCConfigurationList;
			buildConfigurations = (
				4843E87C245B5D0F0044669C /* Debug */,
				4843E87D245B5D0F0044669C /* Release */,
			);
			defaultConfigurationIsVisible = 0;
			defaultConfigurationName = Release;
		};
/* End XCConfigurationList section */

/* Begin XCRemoteSwiftPackageReference section */
		918B0B0926B997DF00F346C4 /* XCRemoteSwiftPackageReference "realm-cocoa" */ = {
			isa = XCRemoteSwiftPackageReference;
			repositoryURL = "https://github.com/realm/realm-cocoa";
			requirement = {
				kind = upToNextMajorVersion;
				minimumVersion = 10.12.0;
			};
		};
/* End XCRemoteSwiftPackageReference section */

/* Begin XCSwiftPackageProductDependency section */
		918B0B0A26B997DF00F346C4 /* Realm */ = {
			isa = XCSwiftPackageProductDependency;
			package = 918B0B0926B997DF00F346C4 /* XCRemoteSwiftPackageReference "realm-cocoa" */;
			productName = Realm;
		};
		918B0B0C26B997DF00F346C4 /* RealmSwift */ = {
			isa = XCSwiftPackageProductDependency;
			package = 918B0B0926B997DF00F346C4 /* XCRemoteSwiftPackageReference "realm-cocoa" */;
			productName = RealmSwift;
		};
/* End XCSwiftPackageProductDependency section */
	};
	rootObject = 4843E85F245B5D0D0044669C /* Project object */;
}
