// !$*UTF8*$!
{
    archiveVersion = 1;
    classes = {
    };
    objectVersion = 51;
    objects = {
/* Begin PBXBuildFile section */
        22AFE6A02616581D00202487 /* HandleErrors.swift in Sources */ = {isa = PBXBuildFile; fileRef = 22AFE69F2616581D00202487 /* HandleErrors.swift */; };
        22AFE6A52616582A00202487 /* HandleErrorsObjc.m in Sources */ = {isa = PBXBuildFile; fileRef = 22AFE6A42616582A00202487 /* HandleErrorsObjc.m */; };
        3B0032AF2E728FCEAD050027 /* Pods_RealmExamples.framework in Frameworks */ = {isa = PBXBuildFile; fileRef = 7D033479B74D15FCF29CFE1B /* Pods_RealmExamples.framework */; };
        4803B327251068F800CCAF97 /* AppDelegate.swift in Sources */ = {isa = PBXBuildFile; fileRef = 4803B326251068F800CCAF97 /* AppDelegate.swift */; };
        4803B329251068F800CCAF97 /* SceneDelegate.swift in Sources */ = {isa = PBXBuildFile; fileRef = 4803B328251068F800CCAF97 /* SceneDelegate.swift */; };
        4803B32B251068F800CCAF97 /* ContentView.swift in Sources */ = {isa = PBXBuildFile; fileRef = 4803B32A251068F800CCAF97 /* ContentView.swift */; };
        4803B32D251068F900CCAF97 /* Assets.xcassets in Resources */ = {isa = PBXBuildFile; fileRef = 4803B32C251068F900CCAF97 /* Assets.xcassets */; };
        4803B330251068F900CCAF97 /* Preview Assets.xcassets in Resources */ = {isa = PBXBuildFile; fileRef = 4803B32F251068F900CCAF97 /* Preview Assets.xcassets */; };
        4803B333251068F900CCAF97 /* LaunchScreen.storyboard in Resources */ = {isa = PBXBuildFile; fileRef = 4803B331251068F900CCAF97 /* LaunchScreen.storyboard */; };
        48087CA2258800A600E19363 /* ReadWriteData.swift in Sources */ = {isa = PBXBuildFile; fileRef = 48087CA1258800A600E19363 /* ReadWriteData.swift */; };
        4813483025C21948006209FC /* Notifications.m in Sources */ = {isa = PBXBuildFile; fileRef = 4813482F25C21948006209FC /* Notifications.m */; };
        4813483B25C244CA006209FC /* (null) in Sources */ = {isa = PBXBuildFile; };
        4815C5FD25C324F20014538D /* (null) in Sources */ = {isa = PBXBuildFile; };
        482A85942576DC3400BA8700 /* QueryEngine.swift in Sources */ = {isa = PBXBuildFile; fileRef = 482A85932576DC3400BA8700 /* QueryEngine.swift */; };
        482A859C2576E34300BA8700 /* QueryEngine.m in Sources */ = {isa = PBXBuildFile; fileRef = 482A859B2576E34300BA8700 /* QueryEngine.m */; };
        4834235C25D6E0CB002CE6B0 /* Functions.m in Sources */ = {isa = PBXBuildFile; fileRef = 4834235B25D6E0CB002CE6B0 /* Functions.m */; };
        4847120225891A3B004BD6EF /* ReadWriteData.m in Sources */ = {isa = PBXBuildFile; fileRef = 4847120125891A3B004BD6EF /* ReadWriteData.m */; };
        485C5D0B258A71200069AAE8 /* Encrypt.swift in Sources */ = {isa = PBXBuildFile; fileRef = 485C5D0A258A71200069AAE8 /* Encrypt.swift */; };
        485C5D10258A9BDF0069AAE8 /* Encrypt.m in Sources */ = {isa = PBXBuildFile; fileRef = 485C5D0F258A9BDF0069AAE8 /* Encrypt.m */; };
        485C5D18258A9F960069AAE8 /* EmbeddedObjects.swift in Sources */ = {isa = PBXBuildFile; fileRef = 485C5D17258A9F960069AAE8 /* EmbeddedObjects.swift */; };
        48637F4F25C8B8EC002209AF /* Migrations.m in Sources */ = {isa = PBXBuildFile; fileRef = 48637F4E25C8B8EC002209AF /* Migrations.m */; };
        4870F8A52593EE91004FF76D /* Relationships.swift in Sources */ = {isa = PBXBuildFile; fileRef = 4870F8A42593EE91004FF76D /* Relationships.swift */; };
        4870F8AA2593F56B004FF76D /* Notifications.swift in Sources */ = {isa = PBXBuildFile; fileRef = 4870F8A92593F56B004FF76D /* Notifications.swift */; };
        487F77C3253F94C000BDC8CE /* OpenCloseRealm.swift in Sources */ = {isa = PBXBuildFile; fileRef = 487F77C2253F94C000BDC8CE /* OpenCloseRealm.swift */; };
        487F77CD253F9A4900BDC8CE /* Models.swift in Sources */ = {isa = PBXBuildFile; fileRef = 487F77CC253F9A4900BDC8CE /* Models.swift */; };
        4891800F2534E33500D53F19 /* QuickStart.swift in Sources */ = {isa = PBXBuildFile; fileRef = 4891800E2534E33500D53F19 /* QuickStart.swift */; };
        489180112534E33600D53F19 /* Assets.xcassets in Resources */ = {isa = PBXBuildFile; fileRef = 489180102534E33600D53F19 /* Assets.xcassets */; };
        489180142534E33600D53F19 /* Preview Assets.xcassets in Resources */ = {isa = PBXBuildFile; fileRef = 489180132534E33600D53F19 /* Preview Assets.xcassets */; };
        489180172534E33600D53F19 /* LaunchScreen.storyboard in Resources */ = {isa = PBXBuildFile; fileRef = 489180152534E33600D53F19 /* LaunchScreen.storyboard */; };
        48924B8A2514EAD900CC9567 /* MultipleUsers.swift in Sources */ = {isa = PBXBuildFile; fileRef = 48924B892514EAD900CC9567 /* MultipleUsers.swift */; };
        48924B8C2514FEFC00CC9567 /* TestSetup.swift in Sources */ = {isa = PBXBuildFile; fileRef = 48924B8B2514FEFC00CC9567 /* TestSetup.swift */; };
        48924BBB2515309F00CC9567 /* MultipleUsers.m in Sources */ = {isa = PBXBuildFile; fileRef = 48924BBA2515309F00CC9567 /* MultipleUsers.m */; };
        48944D8B25BF7BCA0092B8AC /* ObjectModels.swift in Sources */ = {isa = PBXBuildFile; fileRef = 48944D8A25BF7BCA0092B8AC /* ObjectModels.swift */; };
        48944D9025C08D500092B8AC /* ObjectModels.m in Sources */ = {isa = PBXBuildFile; fileRef = 48944D8F25C08D500092B8AC /* ObjectModels.m */; };
        48944D9825C0BD520092B8AC /* Relationships.m in Sources */ = {isa = PBXBuildFile; fileRef = 48944D9725C0BD520092B8AC /* Relationships.m */; };
        48944DA025C0E79C0092B8AC /* EmbeddedObjects.m in Sources */ = {isa = PBXBuildFile; fileRef = 48944D9F25C0E79C0092B8AC /* EmbeddedObjects.m */; };
        4896EE55251051A600D1FABF /* ExampleSwiftTestCase.swift in Sources */ = {isa = PBXBuildFile; fileRef = 4896EE54251051A600D1FABF /* ExampleSwiftTestCase.swift */; };
        4896EE58251051C800D1FABF /* ExampleObjcTestCase.m in Sources */ = {isa = PBXBuildFile; fileRef = 4896EE57251051C800D1FABF /* ExampleObjcTestCase.m */; };
        4898DDB025A3768600416375 /* Threading.swift in Sources */ = {isa = PBXBuildFile; fileRef = 4898DDAF25A3768600416375 /* Threading.swift */; };
        48BD8FE72580017D009DE2E6 /* OpenCloseRealm.m in Sources */ = {isa = PBXBuildFile; fileRef = 48BD8FE62580017D009DE2E6 /* OpenCloseRealm.m */; };
        48BD8FEC25800AA3009DE2E6 /* AnonymouslyLoggedInTestCase.m in Sources */ = {isa = PBXBuildFile; fileRef = 48BD8FEB25800AA3009DE2E6 /* AnonymouslyLoggedInTestCase.m */; };
        48BF3416251076E4004139AF /* CompleteQuickStart.swift in Sources */ = {isa = PBXBuildFile; fileRef = 48BF3415251076E4004139AF /* CompleteQuickStart.swift */; };
        48BF34182511095C004139AF /* RealmApp.swift in Sources */ = {isa = PBXBuildFile; fileRef = 48BF34172511095C004139AF /* RealmApp.swift */; };
        48BF341D25111194004139AF /* Task.swift in Sources */ = {isa = PBXBuildFile; fileRef = 48BF341C25111194004139AF /* Task.swift */; };
        48BF341F251129AD004139AF /* MyRealmApp.m in Sources */ = {isa = PBXBuildFile; fileRef = 48BF341E251129AD004139AF /* MyRealmApp.m */; };
        48C072042511B5D5004B02BB /* ManageEmailPasswordUsers.swift in Sources */ = {isa = PBXBuildFile; fileRef = 48C072032511B5D5004B02BB /* ManageEmailPasswordUsers.swift */; };
        48C072062511B6DB004B02BB /* ManageEmailPasswordUsers.m in Sources */ = {isa = PBXBuildFile; fileRef = 48C072052511B6DB004B02BB /* ManageEmailPasswordUsers.m */; };
        48C5BC3225A4CDE70004DA3D /* Migrations.swift in Sources */ = {isa = PBXBuildFile; fileRef = 48C5BC3125A4CDE70004DA3D /* Migrations.swift */; };
        48E63FB8252646A700F883B1 /* Authenticate.swift in Sources */ = {isa = PBXBuildFile; fileRef = 48E63FB7252646A700F883B1 /* Authenticate.swift */; };
        48F38B502527806600DDEB65 /* AccessMongoDB.swift in Sources */ = {isa = PBXBuildFile; fileRef = 48F38B4F2527806600DDEB65 /* AccessMongoDB.swift */; };
        48F38B522527843B00DDEB65 /* CustomUserData.swift in Sources */ = {isa = PBXBuildFile; fileRef = 48F38B512527843B00DDEB65 /* CustomUserData.swift */; };
        48F38B5425278ECB00DDEB65 /* CustomUserData.m in Sources */ = {isa = PBXBuildFile; fileRef = 48F38B5325278ECB00DDEB65 /* CustomUserData.m */; };
        48F38B562527926500DDEB65 /* Functions.swift in Sources */ = {isa = PBXBuildFile; fileRef = 48F38B552527926500DDEB65 /* Functions.swift */; };
        48F38B58252793F600DDEB65 /* ManageApiKeys.swift in Sources */ = {isa = PBXBuildFile; fileRef = 48F38B57252793F600DDEB65 /* ManageApiKeys.swift */; };
        48F38B5A252794B300DDEB65 /* AnonymouslyLoggedInTestCase.swift in Sources */ = {isa = PBXBuildFile; fileRef = 48F38B59252794B300DDEB65 /* AnonymouslyLoggedInTestCase.swift */; };
        48F38B5C2527A3FE00DDEB65 /* ManageApiKeys.m in Sources */ = {isa = PBXBuildFile; fileRef = 48F38B5B2527A3FE00DDEB65 /* ManageApiKeys.m */; };
        915E96A825FAB36500AABC09 /* LandingPageCodeExamples.swift in Sources */ = {isa = PBXBuildFile; fileRef = 915E96A725FAB36500AABC09 /* LandingPageCodeExamples.swift */; };
        9185DB1925E82C0300AF1389 /* LocalOnlyCompleteQuickStart.swift in Sources */ = {isa = PBXBuildFile; fileRef = 9185DB1825E82C0300AF1389 /* LocalOnlyCompleteQuickStart.swift */; };
        B9170656257F9CB924AEBA6F /* Pods_QuickStartSwiftUI.framework in Frameworks */ = {isa = PBXBuildFile; fileRef = 5AF8E651F4F80B36D8C460AF /* Pods_QuickStartSwiftUI.framework */; };
/* End PBXBuildFile section */
/* Begin PBXContainerItemProxy section */
        4803B338251068FC00CCAF97 /* PBXContainerItemProxy */ = {
            isa = PBXContainerItemProxy;
            containerPortal = 48DBFACE25101C3100391E2B /* Project object */;
            proxyType = 1;
            remoteGlobalIDString = 4803B323251068F800CCAF97;
            remoteInfo = App;
        };
/* End PBXContainerItemProxy section */
/* Begin PBXFileReference section */
        05407FEF03C87F02F00516FA /* Pods-RealmSwiftExamples.release.xcconfig */ = {isa = PBXFileReference; includeInIndex = 1; lastKnownFileType = text.xcconfig; name = "Pods-RealmSwiftExamples.release.xcconfig"; path = "Target Support Files/Pods-RealmSwiftExamples/Pods-RealmSwiftExamples.release.xcconfig"; sourceTree = "<group>"; };
        22AFE69F2616581D00202487 /* HandleErrors.swift */ = {isa = PBXFileReference; fileEncoding = 4; lastKnownFileType = sourcecode.swift; path = HandleErrors.swift; sourceTree = "<group>"; };
        22AFE6A42616582A00202487 /* HandleErrorsObjc.m */ = {isa = PBXFileReference; fileEncoding = 4; lastKnownFileType = sourcecode.c.objc; path = HandleErrorsObjc.m; sourceTree = "<group>"; };
        23B5BB181AEEA165CF303F9E /* Pods-RealmExampleTests.debug.xcconfig */ = {isa = PBXFileReference; includeInIndex = 1; lastKnownFileType = text.xcconfig; name = "Pods-RealmExampleTests.debug.xcconfig"; path = "Target Support Files/Pods-RealmExampleTests/Pods-RealmExampleTests.debug.xcconfig"; sourceTree = "<group>"; };
        40D1ED1ABFAB440EECFDCDED /* Pods_RealmSwiftExamples.framework */ = {isa = PBXFileReference; explicitFileType = wrapper.framework; includeInIndex = 0; path = Pods_RealmSwiftExamples.framework; sourceTree = BUILT_PRODUCTS_DIR; };
        4803B324251068F800CCAF97 /* RealmExamplesHostApp.app */ = {isa = PBXFileReference; explicitFileType = wrapper.application; includeInIndex = 0; path = RealmExamplesHostApp.app; sourceTree = BUILT_PRODUCTS_DIR; };
        4803B326251068F800CCAF97 /* AppDelegate.swift */ = {isa = PBXFileReference; lastKnownFileType = sourcecode.swift; path = AppDelegate.swift; sourceTree = "<group>"; };
        4803B328251068F800CCAF97 /* SceneDelegate.swift */ = {isa = PBXFileReference; lastKnownFileType = sourcecode.swift; path = SceneDelegate.swift; sourceTree = "<group>"; };
        4803B32A251068F800CCAF97 /* ContentView.swift */ = {isa = PBXFileReference; lastKnownFileType = sourcecode.swift; path = ContentView.swift; sourceTree = "<group>"; };
        4803B32C251068F900CCAF97 /* Assets.xcassets */ = {isa = PBXFileReference; lastKnownFileType = folder.assetcatalog; path = Assets.xcassets; sourceTree = "<group>"; };
        4803B32F251068F900CCAF97 /* Preview Assets.xcassets */ = {isa = PBXFileReference; lastKnownFileType = folder.assetcatalog; path = "Preview Assets.xcassets"; sourceTree = "<group>"; };
        4803B332251068F900CCAF97 /* Base */ = {isa = PBXFileReference; lastKnownFileType = file.storyboard; name = Base; path = Base.lproj/LaunchScreen.storyboard; sourceTree = "<group>"; };
        4803B334251068F900CCAF97 /* Info.plist */ = {isa = PBXFileReference; lastKnownFileType = text.plist.xml; path = Info.plist; sourceTree = "<group>"; };
        48087CA1258800A600E19363 /* ReadWriteData.s...